
Microsoft Visual Studio Solution File, Format Version 12.00
# Visual Studio Version 17
VisualStudioVersion = 17.11.35208.52
MinimumVisualStudioVersion = 10.0.40219.1
Project("{FAE04EC0-301F-11D3-BF4B-00C04F79EFBC}") = "CST9102", "CST9102.csproj", "{A1542C2C-1FF2-49E0-B963-A0C228E6181C}"
EndProject
Global
	GlobalSection(SolutionConfigurationPlatforms) = preSolution
		Debug|Any CPU = Debug|Any CPU
		Release|Any CPU = Release|Any CPU
	EndGlobalSection
	GlobalSection(ProjectConfigurationPlatforms) = postSolution
		{A1542C2C-1FF2-49E0-B963-A0C228E6181C}.Debug|Any CPU.ActiveCfg = Debug|Any CPU
		{A1542C2C-1FF2-49E0-B963-A0C228E6181C}.Debug|Any CPU.Build.0 = Debug|Any CPU
		{A1542C2C-1FF2-49E0-B963-A0C228E6181C}.Release|Any CPU.ActiveCfg = Release|Any CPU
		{A1542C2C-1FF2-49E0-B963-A0C228E6181C}.Release|Any CPU.Build.0 = Release|Any CPU
	EndGlobalSection
	GlobalSection(SolutionProperties) = preSolution
		HideSolutionNode = FALSE
	EndGlobalSection
	GlobalSection(ExtensibilityGlobals) = postSolution
		SolutionGuid = {4B93E1BA-B5EF-492C-BF8D-B3F5913CCC6C}
	EndGlobalSection
EndGlobal
